
Microsoft Visual Studio Solution File, Format Version 12.00
# Visual Studio Version 17
VisualStudioVersion = 17.14.36518.9 d17.14
MinimumVisualStudioVersion = 10.0.40219.1
Project("{FAE04EC0-301F-11D3-BF4B-00C04F79EFBC}") = "Filminurk", "Filminurk\Filminurk.csproj", "{D7BAD34A-0D2A-42B0-BBF4-00D7CBFC6238}"
EndProject
Project("{FAE04EC0-301F-11D3-BF4B-00C04F79EFBC}") = "Filminurk.Data", "Filminurk.Data\Filminurk.Data.csproj", "{183F781F-38B2-45C6-BF3E-65F33C7B9BF0}"
EndProject
Project("{FAE04EC0-301F-11D3-BF4B-00C04F79EFBC}") = "Filminurk.Core", "Filminurk.Core\Filminurk.Core.csproj", "{D110686E-4637-4F81-8576-2CAAC8F2245A}"
EndProject
Project("{FAE04EC0-301F-11D3-BF4B-00C04F79EFBC}") = "Filminurk.ApplicationServices", "Filminurk.ApplicationServices\Filminurk.ApplicationServices.csproj", "{377E2629-2D35-4DC2-8C87-E3F8ACBABF39}"
EndProject
Global
	GlobalSection(SolutionConfigurationPlatforms) = preSolution
		Debug|Any CPU = Debug|Any CPU
		Release|Any CPU = Release|Any CPU
	EndGlobalSection
	GlobalSection(ProjectConfigurationPlatforms) = postSolution
		{D7BAD34A-0D2A-42B0-BBF4-00D7CBFC6238}.Debug|Any CPU.ActiveCfg = Debug|Any CPU
		{D7BAD34A-0D2A-42B0-BBF4-00D7CBFC6238}.Debug|Any CPU.Build.0 = Debug|Any CPU
		{D7BAD34A-0D2A-42B0-BBF4-00D7CBFC6238}.Release|Any CPU.ActiveCfg = Release|Any CPU
		{D7BAD34A-0D2A-42B0-BBF4-00D7CBFC6238}.Release|Any CPU.Build.0 = Release|Any CPU
		{183F781F-38B2-45C6-BF3E-65F33C7B9BF0}.Debug|Any CPU.ActiveCfg = Debug|Any CPU
		{183F781F-38B2-45C6-BF3E-65F33C7B9BF0}.Debug|Any CPU.Build.0 = Debug|Any CPU
		{183F781F-38B2-45C6-BF3E-65F33C7B9BF0}.Release|Any CPU.ActiveCfg = Release|Any CPU
		{183F781F-38B2-45C6-BF3E-65F33C7B9BF0}.Release|Any CPU.Build.0 = Release|Any CPU
		{D110686E-4637-4F81-8576-2CAAC8F2245A}.Debug|Any CPU.ActiveCfg = Debug|Any CPU
		{D110686E-4637-4F81-8576-2CAAC8F2245A}.Debug|Any CPU.Build.0 = Debug|Any CPU
		{D110686E-4637-4F81-8576-2CAAC8F2245A}.Release|Any CPU.ActiveCfg = Release|Any CPU
		{D110686E-4637-4F81-8576-2CAAC8F2245A}.Release|Any CPU.Build.0 = Release|Any CPU
		{377E2629-2D35-4DC2-8C87-E3F8ACBABF39}.Debug|Any CPU.ActiveCfg = Debug|Any CPU
		{377E2629-2D35-4DC2-8C87-E3F8ACBABF39}.Debug|Any CPU.Build.0 = Debug|Any CPU
		{377E2629-2D35-4DC2-8C87-E3F8ACBABF39}.Release|Any CPU.ActiveCfg = Release|Any CPU
		{377E2629-2D35-4DC2-8C87-E3F8ACBABF39}.Release|Any CPU.Build.0 = Release|Any CPU
	EndGlobalSection
	GlobalSection(SolutionProperties) = preSolution
		HideSolutionNode = FALSE
	EndGlobalSection
	GlobalSection(ExtensibilityGlobals) = postSolution
		SolutionGuid = {02CEDD41-AF1C-4060-B9C4-4D259BDA74A4}
	EndGlobalSection
EndGlobal
